{
  "name": "oap-widget",
  "dependencies": {
    "@baidu/box-invoke": {
      "version": "1.1.7",
      "from": "@baidu/box-invoke@latest",
      "resolved": "http://registry.efe.tech/@baidu%2fbox-invoke/-/box-invoke-1.1.7.tgz"
    },
    "@baidu/oap-app-entry": {
      "version": "1.0.13",
      "from": "@baidu/oap-app-entry@>=1.0.5 <2.0.0",
      "resolved": "http://registry.efe.tech/@baidu%2foap-app-entry/-/oap-app-entry-1.0.13.tgz",
      "dependencies": {
        "@baidu/box-invoke": {
          "version": "1.1.14",
          "from": "@baidu/box-invoke@>=1.1.12 <2.0.0",
          "resolved": "http://registry.efe.tech/@baidu%2fbox-invoke/-/box-invoke-1.1.14.tgz"
        },
        "oap-widget-san-wraper": {
          "version": "1.0.24",
          "from": "oap-widget-san-wraper@>=1.0.24 <2.0.0",
          "resolved": "http://pnpm.baidu.com/oap-widget-san-wraper/-/oap-widget-san-wraper-1.0.24.tgz"
        },
        "san": {
          "version": "3.2.0",
          "from": "san@3.2.0",
          "resolved": "http://pnpm.baidu.com/san/-/san-3.2.0.tgz"
        }
      }
    },
    "amdefine": {
      "version": "1.0.1",
      "from": "amdefine@>=0.0.4",
      "resolved": "http://bj.bcebos.com/npm-registry/amdefine/-/amdefine-1.0.1.tgz"
    },
    "babel-polyfill": {
      "version": "6.26.0",
      "from": "babel-polyfill@latest",
      "resolved": "http://pnpm.baidu.com/babel-polyfill/-/babel-polyfill-6.26.0.tgz",
      "dependencies": {
        "regenerator-runtime": {
          "version": "0.10.5",
          "from": "regenerator-runtime@>=0.10.5 <0.11.0",
          "resolved": "http://bj.bcebos.com/npm-registry/regenerator-runtime/-/regenerator-runtime-0.10.5.tgz"
        }
      }
    },
    "babel-runtime": {
      "version": "6.26.0",
      "from": "babel-runtime@>=6.26.0 <7.0.0",
      "resolved": "http://pnpm.baidu.com/babel-runtime/-/babel-runtime-6.26.0.tgz"
    },
    "balanced-match": {
      "version": "1.0.0",
      "from": "balanced-match@>=1.0.0 <2.0.0",
      "resolved": "http://pnpm.baidu.com/balanced-match/-/balanced-match-1.0.0.tgz"
    },
    "brace-expansion": {
      "version": "1.1.8",
      "from": "brace-expansion@>=1.1.7 <2.0.0",
      "resolved": "http://pnpm.baidu.com/brace-expansion/-/brace-expansion-1.1.8.tgz"
    },
    "concat-map": {
      "version": "0.0.1",
      "from": "concat-map@0.0.1",
      "resolved": "http://bj.bcebos.com/npm-registry/concat-map/-/concat-map-0.0.1.tgz"
    },
    "core-js": {
      "version": "2.5.1",
      "from": "core-js@>=2.4.0 <3.0.0",
      "resolved": "http://pnpm.baidu.com/core-js/-/core-js-2.5.1.tgz"
    },
    "css-parse": {
      "version": "1.7.0",
      "from": "css-parse@>=1.7.0 <1.8.0",
      "resolved": "http://bj.bcebos.com/npm-registry/css-parse/-/css-parse-1.7.0.tgz"
    },
    "debug": {
      "version": "2.6.8",
      "from": "debug@>=2.6.8 <3.0.0",
      "resolved": "http://bj.bcebos.com/npm-registry/debug/-/debug-2.6.8.tgz"
    },
    "fastclick": {
      "version": "1.0.6",
      "from": "fastclick@>=1.0.6 <2.0.0",
      "resolved": "http://pnpm.baidu.com/fastclick/-/fastclick-1.0.6.tgz"
    },
    "fs.realpath": {
      "version": "1.0.0",
      "from": "fs.realpath@>=1.0.0 <2.0.0",
      "resolved": "http://bj.bcebos.com/npm-registry/fs.realpath/-/fs.realpath-1.0.0.tgz"
    },
    "inflight": {
      "version": "1.0.6",
      "from": "inflight@>=1.0.4 <2.0.0",
      "resolved": "http://bj.bcebos.com/npm-registry/inflight/-/inflight-1.0.6.tgz"
    },
    "inherits": {
      "version": "2.0.3",
      "from": "inherits@2.0.3",
      "resolved": "http://bj.bcebos.com/npm-registry/inherits/-/inherits-2.0.3.tgz"
    },
    "lodash": {
      "version": "4.17.4",
      "from": "lodash@>=4.17.4 <5.0.0",
      "resolved": "http://bj.bcebos.com/npm-registry/lodash/-/lodash-4.17.4.tgz"
    },
    "lodash.tointeger": {
      "version": "4.0.4",
      "from": "lodash.tointeger@>=4.0.4 <5.0.0",
      "resolved": "http://pnpm.baidu.com/lodash.tointeger/-/lodash.tointeger-4.0.4.tgz"
    },
    "lodash.tostring": {
      "version": "4.1.4",
      "from": "lodash.tostring@>=4.1.4 <5.0.0",
      "resolved": "http://pnpm.baidu.com/lodash.tostring/-/lodash.tostring-4.1.4.tgz"
    },
    "minimatch": {
      "version": "3.0.4",
      "from": "minimatch@>=3.0.4 <4.0.0",
      "resolved": "http://bj.bcebos.com/npm-registry/minimatch/-/minimatch-3.0.4.tgz"
    },
    "minimist": {
      "version": "0.0.8",
      "from": "minimist@0.0.8",
      "resolved": "http://bj.bcebos.com/npm-registry/minimist/-/minimist-0.0.8.tgz"
    },
    "mkdirp": {
      "version": "0.5.1",
      "from": "mkdirp@>=0.5.1 <0.6.0",
      "resolved": "http://bj.bcebos.com/npm-registry/mkdirp/-/mkdirp-0.5.1.tgz"
    },
    "ms": {
      "version": "2.0.0",
      "from": "ms@2.0.0",
      "resolved": "http://bj.bcebos.com/npm-registry/ms/-/ms-2.0.0.tgz"
    },
    "nib": {
      "version": "1.1.2",
      "from": "nib@latest",
      "resolved": "http://pnpm.baidu.com/nib/-/nib-1.1.2.tgz"
    },
    "oap-widget-san-wraper": {
      "version": "1.0.21",
      "from": "oap-widget-san-wraper@latest",
      "resolved": "http://pnpm.baidu.com/oap-widget-san-wraper/-/oap-widget-san-wraper-1.0.21.tgz"
    },
    "once": {
      "version": "1.4.0",
      "from": "once@>=1.3.0 <2.0.0",
      "resolved": "http://bj.bcebos.com/npm-registry/once/-/once-1.4.0.tgz"
    },
    "path-is-absolute": {
      "version": "1.0.1",
      "from": "path-is-absolute@>=1.0.1 <2.0.0",
      "resolved": "http://bj.bcebos.com/npm-registry/path-is-absolute/-/path-is-absolute-1.0.1.tgz"
    },
    "regenerator-runtime": {
      "version": "0.11.0",
      "from": "regenerator-runtime@>=0.11.0 <0.12.0",
      "resolved": "http://pnpm.baidu.com/regenerator-runtime/-/regenerator-runtime-0.11.0.tgz"
    },
    "san": {
      "version": "3.2.2",
      "from": "san@latest",
      "resolved": "http://pnpm.baidu.com/san/-/san-3.2.2.tgz"
    },
    "stylus": {
      "version": "0.54.5",
      "from": "stylus@latest",
      "resolved": "http://bj.bcebos.com/npm-registry/stylus/-/stylus-0.54.5.tgz",
      "dependencies": {
        "glob": {
          "version": "7.0.6",
          "from": "glob@>=7.0.0 <7.1.0",
          "resolved": "http://bj.bcebos.com/npm-registry/glob/-/glob-7.0.6.tgz"
        },
        "sax": {
          "version": "0.5.8",
          "from": "sax@>=0.5.0 <0.6.0",
          "resolved": "http://bj.bcebos.com/npm-registry/sax/-/sax-0.5.8.tgz"
        },
        "source-map": {
          "version": "0.1.43",
          "from": "source-map@>=0.1.0 <0.2.0",
          "resolved": "http://bj.bcebos.com/npm-registry/source-map/-/source-map-0.1.43.tgz"
        }
      }
    },
    "swiper": {
      "version": "3.4.2",
      "from": "swiper@>=3.4.2 <4.0.0",
      "resolved": "http://pnpm.baidu.com/swiper/-/swiper-3.4.2.tgz"
    },
    "wrappy": {
      "version": "1.0.2",
      "from": "wrappy@>=1.0.0 <2.0.0",
      "resolved": "http://bj.bcebos.com/npm-registry/wrappy/-/wrappy-1.0.2.tgz"
    }
  }
}
